
Microsoft Visual Studio Solution File, Format Version 12.00
Project("{FAE04EC0-301F-11D3-BF4B-00C04F79EFBC}") = "AoC2022", "AoC2022.csproj", "{9C5620D0-72E6-4864-B8DD-2C10790138A4}"
EndProject
Global
	GlobalSection(SolutionConfigurationPlatforms) = preSolution
		Debug|Any CPU = Debug|Any CPU
		Release|Any CPU = Release|Any CPU
	EndGlobalSection
	GlobalSection(ProjectConfigurationPlatforms) = postSolution
		{9C5620D0-72E6-4864-B8DD-2C10790138A4}.Debug|Any CPU.ActiveCfg = Debug|Any CPU
		{9C5620D0-72E6-4864-B8DD-2C10790138A4}.Debug|Any CPU.Build.0 = Debug|Any CPU
		{9C5620D0-72E6-4864-B8DD-2C10790138A4}.Release|Any CPU.ActiveCfg = Release|Any CPU
		{9C5620D0-72E6-4864-B8DD-2C10790138A4}.Release|Any CPU.Build.0 = Release|Any CPU
	EndGlobalSection
EndGlobal
